
Microsoft Visual Studio Solution File, Format Version 12.00
# 
VisualStudioVersion = 17.5.002.0
MinimumVisualStudioVersion = 
Project("{FAE04EC0-301F-11D3-BF4B-00C04F79EFBC}") = "DepartureConsole", "DepartureConsole\DepartureConsole.csproj", "{347C7B5F-1FBC-4BEB-8DD9-7C687D0B55DD}"
EndProject
Project("{FAE04EC0-301F-11D3-BF4B-00C04F79EFBC}") = "GTFSActions", "GTFSActions\GTFSActions.csproj", "{2A0E8529-98B0-4140-9113-6C9BE4BD26DA}"
EndProject
Project("{FAE04EC0-301F-11D3-BF4B-00C04F79EFBC}") = "DepartureAPI", "DepartureAPI\DepartureAPI.csproj", "{61E467A1-B0D7-4348-BDB3-9266A250109C}"
EndProject
Global
	GlobalSection(SolutionConfigurationPlatforms) = preSolution
		Debug|Any CPU = Debug|Any CPU
		Release|Any CPU = Release|Any CPU
	EndGlobalSection
	GlobalSection(ProjectConfigurationPlatforms) = postSolution
		{347C7B5F-1FBC-4BEB-8DD9-7C687D0B55DD}.Debug|Any CPU.ActiveCfg = Debug|Any CPU
		{347C7B5F-1FBC-4BEB-8DD9-7C687D0B55DD}.Debug|Any CPU.Build.0 = Debug|Any CPU
		{347C7B5F-1FBC-4BEB-8DD9-7C687D0B55DD}.Release|Any CPU.ActiveCfg = Release|Any CPU
		{347C7B5F-1FBC-4BEB-8DD9-7C687D0B55DD}.Release|Any CPU.Build.0 = Release|Any CPU
		{2A0E8529-98B0-4140-9113-6C9BE4BD26DA}.Debug|Any CPU.ActiveCfg = Debug|Any CPU
		{2A0E8529-98B0-4140-9113-6C9BE4BD26DA}.Debug|Any CPU.Build.0 = Debug|Any CPU
		{2A0E8529-98B0-4140-9113-6C9BE4BD26DA}.Release|Any CPU.ActiveCfg = Release|Any CPU
		{2A0E8529-98B0-4140-9113-6C9BE4BD26DA}.Release|Any CPU.Build.0 = Release|Any CPU
		{61E467A1-B0D7-4348-BDB3-9266A250109C}.Debug|Any CPU.ActiveCfg = Debug|Any CPU
		{61E467A1-B0D7-4348-BDB3-9266A250109C}.Debug|Any CPU.Build.0 = Debug|Any CPU
		{61E467A1-B0D7-4348-BDB3-9266A250109C}.Release|Any CPU.ActiveCfg = Release|Any CPU
		{61E467A1-B0D7-4348-BDB3-9266A250109C}.Release|Any CPU.Build.0 = Release|Any CPU
	EndGlobalSection
	GlobalSection(SolutionProperties) = preSolution
		HideSolutionNode = FALSE
	EndGlobalSection
EndGlobal
